
Microsoft Visual Studio Solution File, Format Version 12.00
# Visual Studio Version 17
VisualStudioVersion = 17.14.36202.13 d17.14
MinimumVisualStudioVersion = 10.0.40219.1
Project("{FAE04EC0-301F-11D3-BF4B-00C04F79EFBC}") = "MinimalAPIRevisited", "MinimalAPIRevisited\MinimalAPIRevisited.csproj", "{B9DB5624-9E23-4A1B-A454-11444CA5A963}"
EndProject
Global
	GlobalSection(SolutionConfigurationPlatforms) = preSolution
		Debug|Any CPU = Debug|Any CPU
		Release|Any CPU = Release|Any CPU
	EndGlobalSection
	GlobalSection(ProjectConfigurationPlatforms) = postSolution
		{B9DB5624-9E23-4A1B-A454-11444CA5A963}.Debug|Any CPU.ActiveCfg = Debug|Any CPU
		{B9DB5624-9E23-4A1B-A454-11444CA5A963}.Debug|Any CPU.Build.0 = Debug|Any CPU
		{B9DB5624-9E23-4A1B-A454-11444CA5A963}.Release|Any CPU.ActiveCfg = Release|Any CPU
		{B9DB5624-9E23-4A1B-A454-11444CA5A963}.Release|Any CPU.Build.0 = Release|Any CPU
	EndGlobalSection
	GlobalSection(SolutionProperties) = preSolution
		HideSolutionNode = FALSE
	EndGlobalSection
	GlobalSection(ExtensibilityGlobals) = postSolution
		SolutionGuid = {D914046C-16BF-4C70-B05C-68000CD88EFF}
	EndGlobalSection
EndGlobal
